# This file is automatically @generated by Cargo.
# It is not intended for manual editing.
version = 4

[[package]]
name = "admin-api"
version = "0.1.0"

[[package]]
name = "auditor"
version = "0.1.0"

[[package]]
name = "authn"
version = "0.1.0"

[[package]]
name = "authz"
version = "0.1.0"

[[package]]
name = "commons"
version = "0.1.0"

[[package]]
name = "contracts"
version = "0.1.0"

[[package]]
name = "distributor"
version = "0.1.0"

[[package]]
name = "domain"
version = "0.1.0"

[[package]]
name = "errors"
version = "0.1.0"

[[package]]
name = "events"
version = "0.1.0"

[[package]]
name = "gateway-core"
version = "0.1.0"

[[package]]
name = "gatewayd"
version = "0.1.0"

[[package]]
name = "idp"
version = "0.1.0"

[[package]]
name = "limits"
version = "0.1.0"

[[package]]
name = "observability"
version = "0.1.0"

[[package]]
name = "plugin-host"
version = "0.1.0"

[[package]]
name = "plugin-sdk"
version = "0.1.0"

[[package]]
name = "proxy"
version = "0.1.0"

[[package]]
name = "routing"
version = "0.1.0"

[[package]]
name = "secrets"
version = "0.1.0"

[[package]]
name = "snapshot"
version = "0.1.0"

[[package]]
name = "storage"
version = "0.1.0"

[[package]]
name = "tls"
version = "0.1.0"

[[package]]
name = "transforms"
version = "0.1.0"
